// !$*UTF8*$!
{
	archiveVersion = 1;
	classes = {
	};
	objectVersion = 56;
	objects = {

/* Begin PBXBuildFile section */
		B8B340962B39616500A2CD47 /* Test_Google_MapsApp.swift in Sources */ = {isa = PBXBuildFile; fileRef = B8B340952B39616500A2CD47 /* Test_Google_MapsApp.swift */; };
		B8B340982B39616500A2CD47 /* ContentView0.swift in Sources */ = {isa = PBXBuildFile; fileRef = B8B340972B39616500A2CD47 /* ContentView0.swift */; };
		B8B3409A2B39616800A2CD47 /* Assets.xcassets in Resources */ = {isa = PBXBuildFile; fileRef = B8B340992B39616800A2CD47 /* Assets.xcassets */; };
		B8B3409D2B39616800A2CD47 /* Preview Assets.xcassets in Resources */ = {isa = PBXBuildFile; fileRef = B8B3409C2B39616800A2CD47 /* Preview Assets.xcassets */; };
		B8B340A52B3961F000A2CD47 /* GoogleMaps in Frameworks */ = {isa = PBXBuildFile; productRef = B8B340A42B3961F000A2CD47 /* GoogleMaps */; };
		B8B340A72B3961F000A2CD47 /* GoogleMapsBase in Frameworks */ = {isa = PBXBuildFile; productRef = B8B340A62B3961F000A2CD47 /* GoogleMapsBase */; };
		B8B340A92B3961F000A2CD47 /* GoogleMapsCore in Frameworks */ = {isa = PBXBuildFile; productRef = B8B340A82B3961F000A2CD47 /* GoogleMapsCore */; };
		B8B340AB2B3961F000A2CD47 /* GoogleMapsM4B in Frameworks */ = {isa = PBXBuildFile; productRef = B8B340AA2B3961F000A2CD47 /* GoogleMapsM4B */; };
		B8B340AD2B39625B00A2CD47 /* GoogleMapsView.swift in Sources */ = {isa = PBXBuildFile; fileRef = B8B340AC2B39625B00A2CD47 /* GoogleMapsView.swift */; };
		B8B340B22B39681700A2CD47 /* ContentView.swift in Sources */ = {isa = PBXBuildFile; fileRef = B8B340B12B39681700A2CD47 /* ContentView.swift */; };
		B8B340B42B39682300A2CD47 /* MapView.swift in Sources */ = {isa = PBXBuildFile; fileRef = B8B340B32B39682300A2CD47 /* MapView.swift */; };
		B8B340B62B39682900A2CD47 /* MapViewController.swift in Sources */ = {isa = PBXBuildFile; fileRef = B8B340B52B39682900A2CD47 /* MapViewController.swift */; };
		B8B340B82B39683700A2CD47 /* MapViewControllerBridge.swift in Sources */ = {isa = PBXBuildFile; fileRef = B8B340B72B39683700A2CD47 /* MapViewControllerBridge.swift */; };
		B8B340BA2B39684700A2CD47 /* City.swift in Sources */ = {isa = PBXBuildFile; fileRef = B8B340B92B39684700A2CD47 /* City.swift */; };
/* End PBXBuildFile section */

/* Begin PBXFileReference section */
		B8B340922B39616500A2CD47 /* Test Google Maps.app */ = {isa = PBXFileReference; explicitFileType = wrapper.application; includeInIndex = 0; path = "Test Google Maps.app"; sourceTree = BUILT_PRODUCTS_DIR; };
		B8B340952B39616500A2CD47 /* Test_Google_MapsApp.swift */ = {isa = PBXFileReference; lastKnownFileType = sourcecode.swift; path = Test_Google_MapsApp.swift; sourceTree = "<group>"; };
		B8B340972B39616500A2CD47 /* ContentView0.swift */ = {isa = PBXFileReference; lastKnownFileType = sourcecode.swift; path = ContentView0.swift; sourceTree = "<group>"; };
		B8B340992B39616800A2CD47 /* Assets.xcassets */ = {isa = PBXFileReference; lastKnownFileType = folder.assetcatalog; path = Assets.xcassets; sourceTree = "<group>"; };
		B8B3409C2B39616800A2CD47 /* Preview Assets.xcassets */ = {isa = PBXFileReference; lastKnownFileType = folder.assetcatalog; path = "Preview Assets.xcassets"; sourceTree = "<group>"; };
		B8B340AC2B39625B00A2CD47 /* GoogleMapsView.swift */ = {isa = PBXFileReference; lastKnownFileType = sourcecode.swift; path = GoogleMapsView.swift; sourceTree = "<group>"; };
		B8B340B12B39681700A2CD47 /* ContentView.swift */ = {isa = PBXFileReference; lastKnownFileType = sourcecode.swift; path = ContentView.swift; sourceTree = "<group>"; };
		B8B340B32B39682300A2CD47 /* MapView.swift */ = {isa = PBXFileReference; lastKnownFileType = sourcecode.swift; path = MapView.swift; sourceTree = "<group>"; };
		B8B340B52B39682900A2CD47 /* MapViewController.swift */ = {isa = PBXFileReference; lastKnownFileType = sourcecode.swift; path = MapViewController.swift; sourceTree = "<group>"; };
		B8B340B72B39683700A2CD47 /* MapViewControllerBridge.swift */ = {isa = PBXFileReference; lastKnownFileType = sourcecode.swift; path = MapViewControllerBridge.swift; sourceTree = "<group>"; };
		B8B340B92B39684700A2CD47 /* City.swift */ = {isa = PBXFileReference; lastKnownFileType = sourcecode.swift; path = City.swift; sourceTree = "<group>"; };
/* End PBXFileReference section */

/* Begin PBXFrameworksBuildPhase section */
		B8B3408F2B39616500A2CD47 /* Frameworks */ = {
			isa = PBXFrameworksBuildPhase;
			buildActionMask = 2147483647;
			files = (
				B8B340A52B3961F000A2CD47 /* GoogleMaps in Frameworks */,
				B8B340A92B3961F000A2CD47 /* GoogleMapsCore in Frameworks */,
				B8B340AB2B3961F000A2CD47 /* GoogleMapsM4B in Frameworks */,
				B8B340A72B3961F000A2CD47 /* GoogleMapsBase in Frameworks */,
			);
			runOnlyForDeploymentPostprocessing = 0;
		};
/* End PBXFrameworksBuildPhase section */

/* Begin PBXGroup section */
		B8B340892B39616500A2CD47 = {
			isa = PBXGroup;
			children = (
				B8B340942B39616500A2CD47 /* Test Google Maps */,
				B8B340932B39616500A2CD47 /* Products */,
			);
			sourceTree = "<group>";
		};
		B8B340932B39616500A2CD47 /* Products */ = {
			isa = PBXGroup;
			children = (
				B8B340922B39616500A2CD47 /* Test Google Maps.app */,
			);
			name = Products;
			sourceTree = "<group>";
		};
		B8B340942B39616500A2CD47 /* Test Google Maps */ = {
			isa = PBXGroup;
			children = (
				B8B340952B39616500A2CD47 /* Test_Google_MapsApp.swift */,
				B8B340972B39616500A2CD47 /* ContentView0.swift */,
				B8B340AC2B39625B00A2CD47 /* GoogleMapsView.swift */,
				B8B340B92B39684700A2CD47 /* City.swift */,
				B8B340B12B39681700A2CD47 /* ContentView.swift */,
				B8B340B32B39682300A2CD47 /* MapView.swift */,
				B8B340B52B39682900A2CD47 /* MapViewController.swift */,
				B8B340B72B39683700A2CD47 /* MapViewControllerBridge.swift */,
				B8B340992B39616800A2CD47 /* Assets.xcassets */,
				B8B3409B2B39616800A2CD47 /* Preview Content */,
			);
			path = "Test Google Maps";
			sourceTree = "<group>";
		};
		B8B3409B2B39616800A2CD47 /* Preview Content */ = {
			isa = PBXGroup;
			children = (
				B8B3409C2B39616800A2CD47 /* Preview Assets.xcassets */,
			);
			path = "Preview Content";
			sourceTree = "<group>";
		};
/* End PBXGroup section */

/* Begin PBXNativeTarget section */
		B8B340912B39616500A2CD47 /* Test Google Maps */ = {
			isa = PBXNativeTarget;
			buildConfigurationList = B8B340A02B39616800A2CD47 /* Build configuration list for PBXNativeTarget "Test Google Maps" */;
			buildPhases = (
				B8B3408E2B39616500A2CD47 /* Sources */,
				B8B3408F2B39616500A2CD47 /* Frameworks */,
				B8B340902B39616500A2CD47 /* Resources */,
			);
			buildRules = (
			);
			dependencies = (
			);
			name = "Test Google Maps";
			packageProductDependencies = (
				B8B340A42B3961F000A2CD47 /* GoogleMaps */,
				B8B340A62B3961F000A2CD47 /* GoogleMapsBase */,
				B8B340A82B3961F000A2CD47 /* GoogleMapsCore */,
				B8B340AA2B3961F000A2CD47 /* GoogleMapsM4B */,
			);
			productName = "Test Google Maps";
			productReference = B8B340922B39616500A2CD47 /* Test Google Maps.app */;
			productType = "com.apple.product-type.application";
		};
/* End PBXNativeTarget section */

/* Begin PBXProject section */
		B8B3408A2B39616500A2CD47 /* Project object */ = {
			isa = PBXProject;
			attributes = {
				BuildIndependentTargetsInParallel = 1;
				LastSwiftUpdateCheck = 1510;
				LastUpgradeCheck = 1510;
				TargetAttributes = {
					B8B340912B39616500A2CD47 = {
						CreatedOnToolsVersion = 15.1;
					};
				};
			};
			buildConfigurationList = B8B3408D2B39616500A2CD47 /* Build configuration list for PBXProject "Test Google Maps" */;
			compatibilityVersion = "Xcode 14.0";
			developmentRegion = en;
			hasScannedForEncodings = 0;
			knownRegions = (
				en,
				Base,
			);
			mainGroup = B8B340892B39616500A2CD47;
			packageReferences = (
				B8B340A32B3961F000A2CD47 /* XCRemoteSwiftPackageReference "ios-maps-sdk" */,
			);
			productRefGroup = B8B340932B39616500A2CD47 /* Products */;
			projectDirPath = "";
			projectRoot = "";
			targets = (
				B8B340912B39616500A2CD47 /* Test Google Maps */,
			);
		};
/* End PBXProject section */

/* Begin PBXResourcesBuildPhase section */
		B8B340902B39616500A2CD47 /* Resources */ = {
			isa = PBXResourcesBuildPhase;
			buildActionMask = 2147483647;
			files = (
				B8B3409D2B39616800A2CD47 /* Preview Assets.xcassets in Resources */,
				B8B3409A2B39616800A2CD47 /* Assets.xcassets in Resources */,
			);
			runOnlyForDeploymentPostprocessing = 0;
		};
/* End PBXResourcesBuildPhase section */

/* Begin PBXSourcesBuildPhase section */
		B8B3408E2B39616500A2CD47 /* Sources */ = {
			isa = PBXSourcesBuildPhase;
			buildActionMask = 2147483647;
			files = (
				B8B340AD2B39625B00A2CD47 /* GoogleMapsView.swift in Sources */,
				B8B340B62B39682900A2CD47 /* MapViewController.swift in Sources */,
				B8B340982B39616500A2CD47 /* ContentView0.swift in Sources */,
				B8B340B82B39683700A2CD47 /* MapViewControllerBridge.swift in Sources */,
				B8B340B42B39682300A2CD47 /* MapView.swift in Sources */,
				B8B340B22B39681700A2CD47 /* ContentView.swift in Sources */,
				B8B340BA2B39684700A2CD47 /* City.swift in Sources */,
				B8B340962B39616500A2CD47 /* Test_Google_MapsApp.swift in Sources */,
			);
			runOnlyForDeploymentPostprocessing = 0;
		};
/* End PBXSourcesBuildPhase section */

/* Begin XCBuildConfiguration section */
		B8B3409E2B39616800A2CD47 /* Debug */ = {
			isa = XCBuildConfiguration;
			buildSettings = {
				ALWAYS_SEARCH_USER_PATHS = NO;
				ASSETCATALOG_COMPILER_GENERATE_SWIFT_ASSET_SYMBOL_EXTENSIONS = YES;
				CLANG_ANALYZER_NONNULL = YES;
				CLANG_ANALYZER_NUMBER_OBJECT_CONVERSION = YES_AGGRESSIVE;
				CLANG_CXX_LANGUAGE_STANDARD = "gnu++20";
				CLANG_ENABLE_MODULES = YES;
				CLANG_ENABLE_OBJC_ARC = YES;
				CLANG_ENABLE_OBJC_WEAK = YES;
				CLANG_WARN_BLOCK_CAPTURE_AUTORELEASING = YES;
				CLANG_WARN_BOOL_CONVERSION = YES;
				CLANG_WARN_COMMA = YES;
				CLANG_WARN_CONSTANT_CONVERSION = YES;
				CLANG_WARN_DEPRECATED_OBJC_IMPLEMENTATIONS = YES;
				CLANG_WARN_DIRECT_OBJC_ISA_USAGE = YES_ERROR;
				CLANG_WARN_DOCUMENTATION_COMMENTS = YES;
				CLANG_WARN_EMPTY_BODY = YES;
				CLANG_WARN_ENUM_CONVERSION = YES;
				CLANG_WARN_INFINITE_RECURSION = YES;
				CLANG_WARN_INT_CONVERSION = YES;
				CLANG_WARN_NON_LITERAL_NULL_CONVERSION = YES;
				CLANG_WARN_OBJC_IMPLICIT_RETAIN_SELF = YES;
				CLANG_WARN_OBJC_LITERAL_CONVERSION = YES;
				CLANG_WARN_OBJC_ROOT_CLASS = YES_ERROR;
				CLANG_WARN_QUOTED_INCLUDE_IN_FRAMEWORK_HEADER = YES;
				CLANG_WARN_RANGE_LOOP_ANALYSIS = YES;
				CLANG_WARN_STRICT_PROTOTYPES = YES;
				CLANG_WARN_SUSPICIOUS_MOVE = YES;
				CLANG_WARN_UNGUARDED_AVAILABILITY = YES_AGGRESSIVE;
				CLANG_WARN_UNREACHABLE_CODE = YES;
				CLANG_WARN__DUPLICATE_METHOD_MATCH = YES;
				COPY_PHASE_STRIP = NO;
				DEBUG_INFORMATION_FORMAT = dwarf;
				ENABLE_STRICT_OBJC_MSGSEND = YES;
				ENABLE_TESTABILITY = YES;
				ENABLE_USER_SCRIPT_SANDBOXING = YES;
				GCC_C_LANGUAGE_STANDARD = gnu17;
				GCC_DYNAMIC_NO_PIC = NO;
				GCC_NO_COMMON_BLOCKS = YES;
				GCC_OPTIMIZATION_LEVEL = 0;
				GCC_PREPROCESSOR_DEFINITIONS = (
					"DEBUG=1",
					"$(inherited)",
				);
				GCC_WARN_64_TO_32_BIT_CONVERSION = YES;
				GCC_WARN_ABOUT_RETURN_TYPE = YES_ERROR;
				GCC_WARN_UNDECLARED_SELECTOR = YES;
				GCC_WARN_UNINITIALIZED_AUTOS = YES_AGGRESSIVE;
				GCC_WARN_UNUSED_FUNCTION = YES;
				GCC_WARN_UNUSED_VARIABLE = YES;
				IPHONEOS_DEPLOYMENT_TARGET = 17.2;
				LOCALIZATION_PREFERS_STRING_CATALOGS = YES;
				MTL_ENABLE_DEBUG_INFO = INCLUDE_SOURCE;
				MTL_FAST_MATH = YES;
				ONLY_ACTIVE_ARCH = YES;
				SDKROOT = iphoneos;
				SWIFT_ACTIVE_COMPILATION_CONDITIONS = "DEBUG $(inherited)";
				SWIFT_OPTIMIZATION_LEVEL = "-Onone";
			};
			name = Debug;
		};
		B8B3409F2B39616800A2CD47 /* Release */ = {
			isa = XCBuildConfiguration;
			buildSettings = {
				ALWAYS_SEARCH_USER_PATHS = NO;
				ASSETCATALOG_COMPILER_GENERATE_SWIFT_ASSET_SYMBOL_EXTENSIONS = YES;
				CLANG_ANALYZER_NONNULL = YES;
				CLANG_ANALYZER_NUMBER_OBJECT_CONVERSION = YES_AGGRESSIVE;
				CLANG_CXX_LANGUAGE_STANDARD = "gnu++20";
				CLANG_ENABLE_MODULES = YES;
				CLANG_ENABLE_OBJC_ARC = YES;
				CLANG_ENABLE_OBJC_WEAK = YES;
				CLANG_WARN_BLOCK_CAPTURE_AUTORELEASING = YES;
				CLANG_WARN_BOOL_CONVERSION = YES;
				CLANG_WARN_COMMA = YES;
				CLANG_WARN_CONSTANT_CONVERSION = YES;
				CLANG_WARN_DEPRECATED_OBJC_IMPLEMENTATIONS = YES;
				CLANG_WARN_DIRECT_OBJC_ISA_USAGE = YES_ERROR;
				CLANG_WARN_DOCUMENTATION_COMMENTS = YES;
				CLANG_WARN_EMPTY_BODY = YES;
				CLANG_WARN_ENUM_CONVERSION = YES;
				CLANG_WARN_INFINITE_RECURSION = YES;
				CLANG_WARN_INT_CONVERSION = YES;
				CLANG_WARN_NON_LITERAL_NULL_CONVERSION = YES;
				CLANG_WARN_OBJC_IMPLICIT_RETAIN_SELF = YES;
				CLANG_WARN_OBJC_LITERAL_CONVERSION = YES;
				CLANG_WARN_OBJC_ROOT_CLASS = YES_ERROR;
				CLANG_WARN_QUOTED_INCLUDE_IN_FRAMEWORK_HEADER = YES;
				CLANG_WARN_RANGE_LOOP_ANALYSIS = YES;
				CLANG_WARN_STRICT_PROTOTYPES = YES;
				CLANG_WARN_SUSPICIOUS_MOVE = YES;
				CLANG_WARN_UNGUARDED_AVAILABILITY = YES_AGGRESSIVE;
				CLANG_WARN_UNREACHABLE_CODE = YES;
				CLANG_WARN__DUPLICATE_METHOD_MATCH = YES;
				COPY_PHASE_STRIP = NO;
				DEBUG_INFORMATION_FORMAT = "dwarf-with-dsym";
				ENABLE_NS_ASSERTIONS = NO;
				ENABLE_STRICT_OBJC_MSGSEND = YES;
				ENABLE_USER_SCRIPT_SANDBOXING = YES;
				GCC_C_LANGUAGE_STANDARD = gnu17;
				GCC_NO_COMMON_BLOCKS = YES;
				GCC_WARN_64_TO_32_BIT_CONVERSION = YES;
				GCC_WARN_ABOUT_RETURN_TYPE = YES_ERROR;
				GCC_WARN_UNDECLARED_SELECTOR = YES;
				GCC_WARN_UNINITIALIZED_AUTOS = YES_AGGRESSIVE;
				GCC_WARN_UNUSED_FUNCTION = YES;
				GCC_WARN_UNUSED_VARIABLE = YES;
				IPHONEOS_DEPLOYMENT_TARGET = 17.2;
				LOCALIZATION_PREFERS_STRING_CATALOGS = YES;
				MTL_ENABLE_DEBUG_INFO = NO;
				MTL_FAST_MATH = YES;
				SDKROOT = iphoneos;
				SWIFT_COMPILATION_MODE = wholemodule;
				VALIDATE_PRODUCT = YES;
			};
			name = Release;
		};
		B8B340A12B39616800A2CD47 /* Debug */ = {
			isa = XCBuildConfiguration;
			buildSettings = {
				ASSETCATALOG_COMPILER_APPICON_NAME = AppIcon;
				ASSETCATALOG_COMPILER_GLOBAL_ACCENT_COLOR_NAME = AccentColor;
				CODE_SIGN_STYLE = Automatic;
				CURRENT_PROJECT_VERSION = 1;
				DEVELOPMENT_ASSET_PATHS = "\"Test Google Maps/Preview Content\"";
				DEVELOPMENT_TEAM = A356XGY3F5;
				ENABLE_PREVIEWS = YES;
				GENERATE_INFOPLIST_FILE = YES;
				INFOPLIST_KEY_UIApplicationSceneManifest_Generation = YES;
				INFOPLIST_KEY_UIApplicationSupportsIndirectInputEvents = YES;
				INFOPLIST_KEY_UILaunchScreen_Generation = YES;
				INFOPLIST_KEY_UISupportedInterfaceOrientations_iPad = "UIInterfaceOrientationPortrait UIInterfaceOrientationPortraitUpsideDown UIInterfaceOrientationLandscapeLeft UIInterfaceOrientationLandscapeRight";
				INFOPLIST_KEY_UISupportedInterfaceOrientations_iPhone = "UIInterfaceOrientationPortrait UIInterfaceOrientationLandscapeLeft UIInterfaceOrientationLandscapeRight";
				LD_RUNPATH_SEARCH_PATHS = (
					"$(inherited)",
					"@executable_path/Frameworks",
				);
				MARKETING_VERSION = 1.0;
				PRODUCT_BUNDLE_IDENTIFIER = vn.com.hopee.examples.GoogleMapsSwiftUI;
				PRODUCT_NAME = "$(TARGET_NAME)";
				SWIFT_EMIT_LOC_STRINGS = YES;
				SWIFT_VERSION = 5.0;
				TARGETED_DEVICE_FAMILY = "1,2";
			};
			name = Debug;
		};
		B8B340A22B39616800A2CD47 /* Release */ = {
			isa = XCBuildConfiguration;
			buildSettings = {
				ASSETCATALOG_COMPILER_APPICON_NAME = AppIcon;
				ASSETCATALOG_COMPILER_GLOBAL_ACCENT_COLOR_NAME = AccentColor;
				CODE_SIGN_STYLE = Automatic;
				CURRENT_PROJECT_VERSION = 1;
				DEVELOPMENT_ASSET_PATHS = "\"Test Google Maps/Preview Content\"";
				DEVELOPMENT_TEAM = A356XGY3F5;
				ENABLE_PREVIEWS = YES;
				GENERATE_INFOPLIST_FILE = YES;
				INFOPLIST_KEY_UIApplicationSceneManifest_Generation = YES;
				INFOPLIST_KEY_UIApplicationSupportsIndirectInputEvents = YES;
				INFOPLIST_KEY_UILaunchScreen_Generation = YES;
				INFOPLIST_KEY_UISupportedInterfaceOrientations_iPad = "UIInterfaceOrientationPortrait UIInterfaceOrientationPortraitUpsideDown UIInterfaceOrientationLandscapeLeft UIInterfaceOrientationLandscapeRight";
				INFOPLIST_KEY_UISupportedInterfaceOrientations_iPhone = "UIInterfaceOrientationPortrait UIInterfaceOrientationLandscapeLeft UIInterfaceOrientationLandscapeRight";
				LD_RUNPATH_SEARCH_PATHS = (
					"$(inherited)",
					"@executable_path/Frameworks",
				);
				MARKETING_VERSION = 1.0;
				PRODUCT_BUNDLE_IDENTIFIER = vn.com.hopee.examples.GoogleMapsSwiftUI;
				PRODUCT_NAME = "$(TARGET_NAME)";
				SWIFT_EMIT_LOC_STRINGS = YES;
				SWIFT_VERSION = 5.0;
				TARGETED_DEVICE_FAMILY = "1,2";
			};
			name = Release;
		};
/* End XCBuildConfiguration section */

/* Begin XCConfigurationList section */
		B8B3408D2B39616500A2CD47 /* Build configuration list for PBXProject "Test Google Maps" */ = {
			isa = XCConfigurationList;
			buildConfigurations = (
				B8B3409E2B39616800A2CD47 /* Debug */,
				B8B3409F2B39616800A2CD47 /* Release */,
			);
			defaultConfigurationIsVisible = 0;
			defaultConfigurationName = Release;
		};
		B8B340A02B39616800A2CD47 /* Build configuration list for PBXNativeTarget "Test Google Maps" */ = {
			isa = XCConfigurationList;
			buildConfigurations = (
				B8B340A12B39616800A2CD47 /* Debug */,
				B8B340A22B39616800A2CD47 /* Release */,
			);
			defaultConfigurationIsVisible = 0;
			defaultConfigurationName = Release;
		};
/* End XCConfigurationList section */

/* Begin XCRemoteSwiftPackageReference section */
		B8B340A32B3961F000A2CD47 /* XCRemoteSwiftPackageReference "ios-maps-sdk" */ = {
			isa = XCRemoteSwiftPackageReference;
			repositoryURL = "https://github.com/googlemaps/ios-maps-sdk";
			requirement = {
				kind = upToNextMajorVersion;
				minimumVersion = 8.3.1;
			};
		};
/* End XCRemoteSwiftPackageReference section */

/* Begin XCSwiftPackageProductDependency section */
		B8B340A42B3961F000A2CD47 /* GoogleMaps */ = {
			isa = XCSwiftPackageProductDependency;
			package = B8B340A32B3961F000A2CD47 /* XCRemoteSwiftPackageReference "ios-maps-sdk" */;
			productName = GoogleMaps;
		};
		B8B340A62B3961F000A2CD47 /* GoogleMapsBase */ = {
			isa = XCSwiftPackageProductDependency;
			package = B8B340A32B3961F000A2CD47 /* XCRemoteSwiftPackageReference "ios-maps-sdk" */;
			productName = GoogleMapsBase;
		};
		B8B340A82B3961F000A2CD47 /* GoogleMapsCore */ = {
			isa = XCSwiftPackageProductDependency;
			package = B8B340A32B3961F000A2CD47 /* XCRemoteSwiftPackageReference "ios-maps-sdk" */;
			productName = GoogleMapsCore;
		};
		B8B340AA2B3961F000A2CD47 /* GoogleMapsM4B */ = {
			isa = XCSwiftPackageProductDependency;
			package = B8B340A32B3961F000A2CD47 /* XCRemoteSwiftPackageReference "ios-maps-sdk" */;
			productName = GoogleMapsM4B;
		};
/* End XCSwiftPackageProductDependency section */
	};
	rootObject = B8B3408A2B39616500A2CD47 /* Project object */;
}
